
Microsoft Visual Studio Solution File, Format Version 12.00
# Visual Studio Version 17
VisualStudioVersion = 17.11.35303.130
MinimumVisualStudioVersion = 10.0.40219.1
Project("{FAE04EC0-301F-11D3-BF4B-00C04F79EFBC}") = "Backend", "Backend.csproj", "{9468567C-788D-4C31-92DE-FD6C3FF3896B}"
EndProject
Global
	GlobalSection(SolutionConfigurationPlatforms) = preSolution
		Debug|Any CPU = Debug|Any CPU
		Release|Any CPU = Release|Any CPU
	EndGlobalSection
	GlobalSection(ProjectConfigurationPlatforms) = postSolution
		{9468567C-788D-4C31-92DE-FD6C3FF3896B}.Debug|Any CPU.ActiveCfg = Debug|Any CPU
		{9468567C-788D-4C31-92DE-FD6C3FF3896B}.Debug|Any CPU.Build.0 = Debug|Any CPU
		{9468567C-788D-4C31-92DE-FD6C3FF3896B}.Release|Any CPU.ActiveCfg = Release|Any CPU
		{9468567C-788D-4C31-92DE-FD6C3FF3896B}.Release|Any CPU.Build.0 = Release|Any CPU
	EndGlobalSection
	GlobalSection(SolutionProperties) = preSolution
		HideSolutionNode = FALSE
	EndGlobalSection
	GlobalSection(ExtensibilityGlobals) = postSolution
		SolutionGuid = {A50D4516-2433-4751-A63D-18216E4BAA78}
	EndGlobalSection
EndGlobal
